{
  "name": "canoe-blog-basemap",
  "lockfileVersion": 3,
  "requires": true,
  "packages": {
    "": {
      "name": "canoe-blog-basemap",
      "dependencies": {
        "polylabel": "^2.0.1"
      }
    },
    "node_modules/polylabel": {
      "version": "2.1.0",
      "resolved": "https://registry.npmjs.org/polylabel/-/polylabel-2.1.0.tgz",
      "integrity": "sha512-ZCL9pc/BpnyBB1Es5Eh6baziBhZFS0fTlEXGarLMqbMYbAyawqGAjyo2+MfignMggSubmllMgRGcR0L0liOugg==",
      "license": "ISC",
      "dependencies": {
        "tinyqueue": "^3.0.0"
      }
    },
    "node_modules/tinyqueue": {
      "version": "3.0.0",
      "resolved": "https://registry.npmjs.org/tinyqueue/-/tinyqueue-3.0.0.tgz",
      "integrity": "sha512-gRa9gwYU3ECmQYv3lslts5hxuIa90veaEcxDYuu3QGOIAEM2mOZkVHp48ANJuu1CURtRdHKUBY5Lm1tHV+sD4g==",
      "license": "ISC"
    }
  }
}
